
Microsoft Visual Studio Solution File, Format Version 11.00
# Visual Studio 2010
Project("{FAE04EC0-301F-11D3-BF4B-00C04F79EFBC}") = "Assembly-CSharp", "Assembly-CSharp.csproj", "{BA16050F-F44C-7112-2676-EE2215BA03AB}"
EndProject
Project("{FAE04EC0-301F-11D3-BF4B-00C04F79EFBC}") = "Assembly-CSharp-Editor", "Assembly-CSharp-Editor.csproj", "{F7B603A4-9131-2710-D574-4C517FCD1400}"
EndProject
Global
	GlobalSection(SolutionConfigurationPlatforms) = preSolution
		Debug|Any CPU = Debug|Any CPU
		Release|Any CPU = Release|Any CPU
	EndGlobalSection
	GlobalSection(ProjectConfigurationPlatforms) = postSolution
		{BA16050F-F44C-7112-2676-EE2215BA03AB}.Debug|Any CPU.ActiveCfg = Debug|Any CPU
		{BA16050F-F44C-7112-2676-EE2215BA03AB}.Debug|Any CPU.Build.0 = Debug|Any CPU
		{BA16050F-F44C-7112-2676-EE2215BA03AB}.Release|Any CPU.ActiveCfg = Release|Any CPU
		{BA16050F-F44C-7112-2676-EE2215BA03AB}.Release|Any CPU.Build.0 = Release|Any CPU
		{F7B603A4-9131-2710-D574-4C517FCD1400}.Debug|Any CPU.ActiveCfg = Debug|Any CPU
		{F7B603A4-9131-2710-D574-4C517FCD1400}.Debug|Any CPU.Build.0 = Debug|Any CPU
		{F7B603A4-9131-2710-D574-4C517FCD1400}.Release|Any CPU.ActiveCfg = Release|Any CPU
		{F7B603A4-9131-2710-D574-4C517FCD1400}.Release|Any CPU.Build.0 = Release|Any CPU
	EndGlobalSection
	GlobalSection(SolutionProperties) = preSolution
		HideSolutionNode = FALSE
	EndGlobalSection
	GlobalSection(MonoDevelopProperties) = preSolution
		StartupItem = Assembly-CSharp.csproj
	EndGlobalSection
EndGlobal
